
Microsoft Visual Studio Solution File, Format Version 12.00
# Visual Studio Version 17
VisualStudioVersion = 17.5.002.0
MinimumVisualStudioVersion = 10.0.40219.1
Project("{9A19103F-16F7-4668-BE54-9A1E7A4F7556}") = "ToDoAPI", "ToDoAPI.csproj", "{CFF5F3A2-6E82-4FA3-864E-7A052D407702}"
EndProject
Global
	GlobalSection(SolutionConfigurationPlatforms) = preSolution
		Debug|Any CPU = Debug|Any CPU
		Release|Any CPU = Release|Any CPU
	EndGlobalSection
	GlobalSection(ProjectConfigurationPlatforms) = postSolution
		{CFF5F3A2-6E82-4FA3-864E-7A052D407702}.Debug|Any CPU.ActiveCfg = Debug|Any CPU
		{CFF5F3A2-6E82-4FA3-864E-7A052D407702}.Debug|Any CPU.Build.0 = Debug|Any CPU
		{CFF5F3A2-6E82-4FA3-864E-7A052D407702}.Release|Any CPU.ActiveCfg = Release|Any CPU
		{CFF5F3A2-6E82-4FA3-864E-7A052D407702}.Release|Any CPU.Build.0 = Release|Any CPU
	EndGlobalSection
	GlobalSection(SolutionProperties) = preSolution
		HideSolutionNode = FALSE
	EndGlobalSection
	GlobalSection(ExtensibilityGlobals) = postSolution
		SolutionGuid = {C92995F8-BB30-411E-8566-E275C6DD0999}
	EndGlobalSection
EndGlobal
